
Microsoft Visual Studio Solution File, Format Version 12.00
# Visual Studio Version 16
VisualStudioVersion = 16.0.30413.136
MinimumVisualStudioVersion = 10.0.40219.1
Project("{FAE04EC0-301F-11D3-BF4B-00C04F79EFBC}") = "ByteBankTeste", "ByteBankTeste\ByteBankTeste.csproj", "{FE887CBE-6E92-4AEA-BA80-D236F7F7779F}"
EndProject
Project("{FAE04EC0-301F-11D3-BF4B-00C04F79EFBC}") = "ByteBankTeste2", "ByteBankTeste2\ByteBankTeste2.csproj", "{20343418-3DB5-48D0-A53C-900ADE19A738}"
EndProject
Project("{FAE04EC0-301F-11D3-BF4B-00C04F79EFBC}") = "ByteBankTeste3", "ByteBankTeste03\ByteBankTeste3.csproj", "{9737FE6F-7144-46E6-A108-0DE384485D1B}"
EndProject
Project("{FAE04EC0-301F-11D3-BF4B-00C04F79EFBC}") = "ByteBankTeste4", "ByteBankTeste4\ByteBankTeste4.csproj", "{E8FA1D2E-0599-435D-B5A3-F8A0DA6F4EEB}"
EndProject
Global
	GlobalSection(SolutionConfigurationPlatforms) = preSolution
		Debug|Any CPU = Debug|Any CPU
		Release|Any CPU = Release|Any CPU
	EndGlobalSection
	GlobalSection(ProjectConfigurationPlatforms) = postSolution
		{FE887CBE-6E92-4AEA-BA80-D236F7F7779F}.Debug|Any CPU.ActiveCfg = Debug|Any CPU
		{FE887CBE-6E92-4AEA-BA80-D236F7F7779F}.Debug|Any CPU.Build.0 = Debug|Any CPU
		{FE887CBE-6E92-4AEA-BA80-D236F7F7779F}.Release|Any CPU.ActiveCfg = Release|Any CPU
		{FE887CBE-6E92-4AEA-BA80-D236F7F7779F}.Release|Any CPU.Build.0 = Release|Any CPU
		{20343418-3DB5-48D0-A53C-900ADE19A738}.Debug|Any CPU.ActiveCfg = Debug|Any CPU
		{20343418-3DB5-48D0-A53C-900ADE19A738}.Debug|Any CPU.Build.0 = Debug|Any CPU
		{20343418-3DB5-48D0-A53C-900ADE19A738}.Release|Any CPU.ActiveCfg = Release|Any CPU
		{20343418-3DB5-48D0-A53C-900ADE19A738}.Release|Any CPU.Build.0 = Release|Any CPU
		{9737FE6F-7144-46E6-A108-0DE384485D1B}.Debug|Any CPU.ActiveCfg = Debug|Any CPU
		{9737FE6F-7144-46E6-A108-0DE384485D1B}.Debug|Any CPU.Build.0 = Debug|Any CPU
		{9737FE6F-7144-46E6-A108-0DE384485D1B}.Release|Any CPU.ActiveCfg = Release|Any CPU
		{9737FE6F-7144-46E6-A108-0DE384485D1B}.Release|Any CPU.Build.0 = Release|Any CPU
		{E8FA1D2E-0599-435D-B5A3-F8A0DA6F4EEB}.Debug|Any CPU.ActiveCfg = Debug|Any CPU
		{E8FA1D2E-0599-435D-B5A3-F8A0DA6F4EEB}.Debug|Any CPU.Build.0 = Debug|Any CPU
		{E8FA1D2E-0599-435D-B5A3-F8A0DA6F4EEB}.Release|Any CPU.ActiveCfg = Release|Any CPU
		{E8FA1D2E-0599-435D-B5A3-F8A0DA6F4EEB}.Release|Any CPU.Build.0 = Release|Any CPU
	EndGlobalSection
	GlobalSection(SolutionProperties) = preSolution
		HideSolutionNode = FALSE
	EndGlobalSection
	GlobalSection(ExtensibilityGlobals) = postSolution
		SolutionGuid = {E14B14D3-FCBB-4D84-888C-859205C7055A}
	EndGlobalSection
EndGlobal
